// !$*UTF8*$!
{
	archiveVersion = 1;
	classes = {
	};
	objectVersion = 51;
	objects = {

/* Begin PBXBuildFile section */
		A304A92A23A138230079F903 /* AppDelegate.swift in Sources */ = {isa = PBXBuildFile; fileRef = A304A92923A138230079F903 /* AppDelegate.swift */; };
		A304A92C23A138230079F903 /* SceneDelegate.swift in Sources */ = {isa = PBXBuildFile; fileRef = A304A92B23A138230079F903 /* SceneDelegate.swift */; };
		A304A92E23A138230079F903 /* LoginViewController.swift in Sources */ = {isa = PBXBuildFile; fileRef = A304A92D23A138230079F903 /* LoginViewController.swift */; };
		A304A93123A138230079F903 /* Main.storyboard in Resources */ = {isa = PBXBuildFile; fileRef = A304A92F23A138230079F903 /* Main.storyboard */; };
		A304A93323A138250079F903 /* Assets.xcassets in Resources */ = {isa = PBXBuildFile; fileRef = A304A93223A138250079F903 /* Assets.xcassets */; };
		A304A93623A138250079F903 /* LaunchScreen.storyboard in Resources */ = {isa = PBXBuildFile; fileRef = A304A93423A138250079F903 /* LaunchScreen.storyboard */; };
		A304A93E23A138CD0079F903 /* SignUpViewController.swift in Sources */ = {isa = PBXBuildFile; fileRef = A304A93D23A138CD0079F903 /* SignUpViewController.swift */; };
		A304A94023A1396A0079F903 /* GoogleService-Info.plist in Resources */ = {isa = PBXBuildFile; fileRef = A304A93F23A1396A0079F903 /* GoogleService-Info.plist */; };
		A304A94223A157F20079F903 /* ViewControllerExtension.swift in Sources */ = {isa = PBXBuildFile; fileRef = A304A94123A157F20079F903 /* ViewControllerExtension.swift */; };
		A30E355023A16F3300FFE7A4 /* ProfileViewController.swift in Sources */ = {isa = PBXBuildFile; fileRef = A30E354F23A16F3300FFE7A4 /* ProfileViewController.swift */; };
		A352C3FD23A53AE600ABF001 /* ProfileCustomTableViewCell.swift in Sources */ = {isa = PBXBuildFile; fileRef = A352C3FC23A53AE600ABF001 /* ProfileCustomTableViewCell.swift */; };
		A3597CA623A3E3C800BD4AEC /* Montserrat-ExtraLight.ttf in Resources */ = {isa = PBXBuildFile; fileRef = A3597C9323A3E3C700BD4AEC /* Montserrat-ExtraLight.ttf */; };
		A3597CA723A3E3C800BD4AEC /* Montserrat-ExtraBoldItalic.ttf in Resources */ = {isa = PBXBuildFile; fileRef = A3597C9423A3E3C700BD4AEC /* Montserrat-ExtraBoldItalic.ttf */; };
		A3597CA823A3E3C800BD4AEC /* Montserrat-Black.ttf in Resources */ = {isa = PBXBuildFile; fileRef = A3597C9523A3E3C700BD4AEC /* Montserrat-Black.ttf */; };
		A3597CA923A3E3C800BD4AEC /* Montserrat-Bold.ttf in Resources */ = {isa = PBXBuildFile; fileRef = A3597C9623A3E3C700BD4AEC /* Montserrat-Bold.ttf */; };
		A3597CAA23A3E3C800BD4AEC /* Montserrat-Medium.ttf in Resources */ = {isa = PBXBuildFile; fileRef = A3597C9723A3E3C700BD4AEC /* Montserrat-Medium.ttf */; };
		A3597CAB23A3E3C800BD4AEC /* Montserrat-Light.ttf in Resources */ = {isa = PBXBuildFile; fileRef = A3597C9823A3E3C700BD4AEC /* Montserrat-Light.ttf */; };
		A3597CAC23A3E3C800BD4AEC /* Montserrat-BoldItalic.ttf in Resources */ = {isa = PBXBuildFile; fileRef = A3597C9923A3E3C700BD4AEC /* Montserrat-BoldItalic.ttf */; };
		A3597CAD23A3E3C800BD4AEC /* Montserrat-ExtraBold.ttf in Resources */ = {isa = PBXBuildFile; fileRef = A3597C9A23A3E3C700BD4AEC /* Montserrat-ExtraBold.ttf */; };
		A3597CAE23A3E3C800BD4AEC /* Montserrat-Thin.ttf in Resources */ = {isa = PBXBuildFile; fileRef = A3597C9B23A3E3C700BD4AEC /* Montserrat-Thin.ttf */; };
		A3597CAF23A3E3C800BD4AEC /* Montserrat-ExtraLightItalic.ttf in Resources */ = {isa = PBXBuildFile; fileRef = A3597C9C23A3E3C700BD4AEC /* Montserrat-ExtraLightItalic.ttf */; };
		A3597CB023A3E3C800BD4AEC /* OFL.txt in Resources */ = {isa = PBXBuildFile; fileRef = A3597C9D23A3E3C700BD4AEC /* OFL.txt */; };
		A3597CB123A3E3C800BD4AEC /* Montserrat-LightItalic.ttf in Resources */ = {isa = PBXBuildFile; fileRef = A3597C9E23A3E3C700BD4AEC /* Montserrat-LightItalic.ttf */; };
		A3597CB223A3E3C800BD4AEC /* Montserrat-SemiBoldItalic.ttf in Resources */ = {isa = PBXBuildFile; fileRef = A3597C9F23A3E3C700BD4AEC /* Montserrat-SemiBoldItalic.ttf */; };
		A3597CB323A3E3C800BD4AEC /* Montserrat-ThinItalic.ttf in Resources */ = {isa = PBXBuildFile; fileRef = A3597CA023A3E3C700BD4AEC /* Montserrat-ThinItalic.ttf */; };
		A3597CB423A3E3C800BD4AEC /* Montserrat-SemiBold.ttf in Resources */ = {isa = PBXBuildFile; fileRef = A3597CA123A3E3C800BD4AEC /* Montserrat-SemiBold.ttf */; };
		A3597CB523A3E3C800BD4AEC /* Montserrat-BlackItalic.ttf in Resources */ = {isa = PBXBuildFile; fileRef = A3597CA223A3E3C800BD4AEC /* Montserrat-BlackItalic.ttf */; };
		A3597CB623A3E3C800BD4AEC /* Montserrat-Italic.ttf in Resources */ = {isa = PBXBuildFile; fileRef = A3597CA323A3E3C800BD4AEC /* Montserrat-Italic.ttf */; };
		A3597CB723A3E3C800BD4AEC /* Montserrat-Regular.ttf in Resources */ = {isa = PBXBuildFile; fileRef = A3597CA423A3E3C800BD4AEC /* Montserrat-Regular.ttf */; };
		A3597CB823A3E3C800BD4AEC /* Montserrat-MediumItalic.ttf in Resources */ = {isa = PBXBuildFile; fileRef = A3597CA523A3E3C800BD4AEC /* Montserrat-MediumItalic.ttf */; };
		A3597CBA23A3EDEB00BD4AEC /* UIViewExtension.swift in Sources */ = {isa = PBXBuildFile; fileRef = A3597CB923A3EDEB00BD4AEC /* UIViewExtension.swift */; };
		A3886C7023A2A67900A720E6 /* ProfileSettingsViewController.swift in Sources */ = {isa = PBXBuildFile; fileRef = A3886C6F23A2A67900A720E6 /* ProfileSettingsViewController.swift */; };
		A3886C7223A2A69900A720E6 /* FindMusiciansViewController.swift in Sources */ = {isa = PBXBuildFile; fileRef = A3886C7123A2A69900A720E6 /* FindMusiciansViewController.swift */; };
		A3886C7423A2A6BC00A720E6 /* ConcertsViewController.swift in Sources */ = {isa = PBXBuildFile; fileRef = A3886C7323A2A6BC00A720E6 /* ConcertsViewController.swift */; };
		A3886C7623A2A6D800A720E6 /* HowItWorksViewController.swift in Sources */ = {isa = PBXBuildFile; fileRef = A3886C7523A2A6D800A720E6 /* HowItWorksViewController.swift */; };
		B38470646A9080F1F5B10393 /* Pods_MusicPal.framework in Frameworks */ = {isa = PBXBuildFile; fileRef = AAA5637AE71CBD0B59BC7FFA /* Pods_MusicPal.framework */; };
/* End PBXBuildFile section */

/* Begin PBXFileReference section */
		4ED89E25B22A86D592D6E7B7 /* Pods-MusicPal.debug.xcconfig */ = {isa = PBXFileReference; includeInIndex = 1; lastKnownFileType = text.xcconfig; name = "Pods-MusicPal.debug.xcconfig"; path = "Target Support Files/Pods-MusicPal/Pods-MusicPal.debug.xcconfig"; sourceTree = "<group>"; };
		A304A92623A138230079F903 /* MusicPal.app */ = {isa = PBXFileReference; explicitFileType = wrapper.application; includeInIndex = 0; path = MusicPal.app; sourceTree = BUILT_PRODUCTS_DIR; };
		A304A92923A138230079F903 /* AppDelegate.swift */ = {isa = PBXFileReference; lastKnownFileType = sourcecode.swift; path = AppDelegate.swift; sourceTree = "<group>"; };
		A304A92B23A138230079F903 /* SceneDelegate.swift */ = {isa = PBXFileReference; lastKnownFileType = sourcecode.swift; path = SceneDelegate.swift; sourceTree = "<group>"; };
		A304A92D23A138230079F903 /* LoginViewController.swift */ = {isa = PBXFileReference; lastKnownFileType = sourcecode.swift; path = LoginViewController.swift; sourceTree = "<group>"; };
		A304A93023A138230079F903 /* Base */ = {isa = PBXFileReference; lastKnownFileType = file.storyboard; name = Base; path = Base.lproj/Main.storyboard; sourceTree = "<group>"; };
		A304A93223A138250079F903 /* Assets.xcassets */ = {isa = PBXFileReference; lastKnownFileType = folder.assetcatalog; path = Assets.xcassets; sourceTree = "<group>"; };
		A304A93523A138250079F903 /* Base */ = {isa = PBXFileReference; lastKnownFileType = file.storyboard; name = Base; path = Base.lproj/LaunchScreen.storyboard; sourceTree = "<group>"; };
		A304A93723A138250079F903 /* Info.plist */ = {isa = PBXFileReference; lastKnownFileType = text.plist.xml; path = Info.plist; sourceTree = "<group>"; };
		A304A93D23A138CD0079F903 /* SignUpViewController.swift */ = {isa = PBXFileReference; lastKnownFileType = sourcecode.swift; path = SignUpViewController.swift; sourceTree = "<group>"; };
		A304A93F23A1396A0079F903 /* GoogleService-Info.plist */ = {isa = PBXFileReference; fileEncoding = 4; lastKnownFileType = text.plist.xml; name = "GoogleService-Info.plist"; path = "../../GoogleService-Info.plist"; sourceTree = "<group>"; };
		A304A94123A157F20079F903 /* ViewControllerExtension.swift */ = {isa = PBXFileReference; lastKnownFileType = sourcecode.swift; path = ViewControllerExtension.swift; sourceTree = "<group>"; };
		A30E354F23A16F3300FFE7A4 /* ProfileViewController.swift */ = {isa = PBXFileReference; lastKnownFileType = sourcecode.swift; path = ProfileViewController.swift; sourceTree = "<group>"; };
		A352C3FC23A53AE600ABF001 /* ProfileCustomTableViewCell.swift */ = {isa = PBXFileReference; lastKnownFileType = sourcecode.swift; path = ProfileCustomTableViewCell.swift; sourceTree = "<group>"; };
		A3597C9323A3E3C700BD4AEC /* Montserrat-ExtraLight.ttf */ = {isa = PBXFileReference; lastKnownFileType = file; name = "Montserrat-ExtraLight.ttf"; path = "../../../Montserrat/Montserrat-ExtraLight.ttf"; sourceTree = "<group>"; };
		A3597C9423A3E3C700BD4AEC /* Montserrat-ExtraBoldItalic.ttf */ = {isa = PBXFileReference; lastKnownFileType = file; name = "Montserrat-ExtraBoldItalic.ttf"; path = "../../../Montserrat/Montserrat-ExtraBoldItalic.ttf"; sourceTree = "<group>"; };
		A3597C9523A3E3C700BD4AEC /* Montserrat-Black.ttf */ = {isa = PBXFileReference; lastKnownFileType = file; name = "Montserrat-Black.ttf"; path = "../../../Montserrat/Montserrat-Black.ttf"; sourceTree = "<group>"; };
		A3597C9623A3E3C700BD4AEC /* Montserrat-Bold.ttf */ = {isa = PBXFileReference; lastKnownFileType = file; name = "Montserrat-Bold.ttf"; path = "../../../Montserrat/Montserrat-Bold.ttf"; sourceTree = "<group>"; };
		A3597C9723A3E3C700BD4AEC /* Montserrat-Medium.ttf */ = {isa = PBXFileReference; lastKnownFileType = file; name = "Montserrat-Medium.ttf"; path = "../../../Montserrat/Montserrat-Medium.ttf"; sourceTree = "<group>"; };
		A3597C9823A3E3C700BD4AEC /* Montserrat-Light.ttf */ = {isa = PBXFileReference; lastKnownFileType = file; name = "Montserrat-Light.ttf"; path = "../../../Montserrat/Montserrat-Light.ttf"; sourceTree = "<group>"; };
		A3597C9923A3E3C700BD4AEC /* Montserrat-BoldItalic.ttf */ = {isa = PBXFileReference; lastKnownFileType = file; name = "Montserrat-BoldItalic.ttf"; path = "../../../Montserrat/Montserrat-BoldItalic.ttf"; sourceTree = "<group>"; };
		A3597C9A23A3E3C700BD4AEC /* Montserrat-ExtraBold.ttf */ = {isa = PBXFileReference; lastKnownFileType = file; name = "Montserrat-ExtraBold.ttf"; path = "../../../Montserrat/Montserrat-ExtraBold.ttf"; sourceTree = "<group>"; };
		A3597C9B23A3E3C700BD4AEC /* Montserrat-Thin.ttf */ = {isa = PBXFileReference; lastKnownFileType = file; name = "Montserrat-Thin.ttf"; path = "../../../Montserrat/Montserrat-Thin.ttf"; sourceTree = "<group>"; };
		A3597C9C23A3E3C700BD4AEC /* Montserrat-ExtraLightItalic.ttf */ = {isa = PBXFileReference; lastKnownFileType = file; name = "Montserrat-ExtraLightItalic.ttf"; path = "../../../Montserrat/Montserrat-ExtraLightItalic.ttf"; sourceTree = "<group>"; };
		A3597C9D23A3E3C700BD4AEC /* OFL.txt */ = {isa = PBXFileReference; fileEncoding = 4; lastKnownFileType = text; name = OFL.txt; path = ../../../Montserrat/OFL.txt; sourceTree = "<group>"; };
		A3597C9E23A3E3C700BD4AEC /* Montserrat-LightItalic.ttf */ = {isa = PBXFileReference; lastKnownFileType = file; name = "Montserrat-LightItalic.ttf"; path = "../../../Montserrat/Montserrat-LightItalic.ttf"; sourceTree = "<group>"; };
		A3597C9F23A3E3C700BD4AEC /* Montserrat-SemiBoldItalic.ttf */ = {isa = PBXFileReference; lastKnownFileType = file; name = "Montserrat-SemiBoldItalic.ttf"; path = "../../../Montserrat/Montserrat-SemiBoldItalic.ttf"; sourceTree = "<group>"; };
		A3597CA023A3E3C700BD4AEC /* Montserrat-ThinItalic.ttf */ = {isa = PBXFileReference; lastKnownFileType = file; name = "Montserrat-ThinItalic.ttf"; path = "../../../Montserrat/Montserrat-ThinItalic.ttf"; sourceTree = "<group>"; };
		A3597CA123A3E3C800BD4AEC /* Montserrat-SemiBold.ttf */ = {isa = PBXFileReference; lastKnownFileType = file; name = "Montserrat-SemiBold.ttf"; path = "../../../Montserrat/Montserrat-SemiBold.ttf"; sourceTree = "<group>"; };
		A3597CA223A3E3C800BD4AEC /* Montserrat-BlackItalic.ttf */ = {isa = PBXFileReference; lastKnownFileType = file; name = "Montserrat-BlackItalic.ttf"; path = "../../../Montserrat/Montserrat-BlackItalic.ttf"; sourceTree = "<group>"; };
		A3597CA323A3E3C800BD4AEC /* Montserrat-Italic.ttf */ = {isa = PBXFileReference; lastKnownFileType = file; name = "Montserrat-Italic.ttf"; path = "../../../Montserrat/Montserrat-Italic.ttf"; sourceTree = "<group>"; };
		A3597CA423A3E3C800BD4AEC /* Montserrat-Regular.ttf */ = {isa = PBXFileReference; lastKnownFileType = file; name = "Montserrat-Regular.ttf"; path = "../../../Montserrat/Montserrat-Regular.ttf"; sourceTree = "<group>"; };
		A3597CA523A3E3C800BD4AEC /* Montserrat-MediumItalic.ttf */ = {isa = PBXFileReference; lastKnownFileType = file; name = "Montserrat-MediumItalic.ttf"; path = "../../../Montserrat/Montserrat-MediumItalic.ttf"; sourceTree = "<group>"; };
		A3597CB923A3EDEB00BD4AEC /* UIViewExtension.swift */ = {isa = PBXFileReference; lastKnownFileType = sourcecode.swift; path = UIViewExtension.swift; sourceTree = "<group>"; };
		A3886C6F23A2A67900A720E6 /* ProfileSettingsViewController.swift */ = {isa = PBXFileReference; lastKnownFileType = sourcecode.swift; path = ProfileSettingsViewController.swift; sourceTree = "<group>"; };
		A3886C7123A2A69900A720E6 /* FindMusiciansViewController.swift */ = {isa = PBXFileReference; lastKnownFileType = sourcecode.swift; path = FindMusiciansViewController.swift; sourceTree = "<group>"; };
		A3886C7323A2A6BC00A720E6 /* ConcertsViewController.swift */ = {isa = PBXFileReference; lastKnownFileType = sourcecode.swift; path = ConcertsViewController.swift; sourceTree = "<group>"; };
		A3886C7523A2A6D800A720E6 /* HowItWorksViewController.swift */ = {isa = PBXFileReference; lastKnownFileType = sourcecode.swift; path = HowItWorksViewController.swift; sourceTree = "<group>"; };
		AAA5637AE71CBD0B59BC7FFA /* Pods_MusicPal.framework */ = {isa = PBXFileReference; explicitFileType = wrapper.framework; includeInIndex = 0; path = Pods_MusicPal.framework; sourceTree = BUILT_PRODUCTS_DIR; };
		D021853E35E4891AFE30EBE0 /* Pods-MusicPal.release.xcconfig */ = {isa = PBXFileReference; includeInIndex = 1; lastKnownFileType = text.xcconfig; name = "Pods-MusicPal.release.xcconfig"; path = "Target Support Files/Pods-MusicPal/Pods-MusicPal.release.xcconfig"; sourceTree = "<group>"; };
/* End PBXFileReference section */

/* Begin PBXFrameworksBuildPhase section */
		A304A92323A138230079F903 /* Frameworks */ = {
			isa = PBXFrameworksBuildPhase;
			buildActionMask = 2147483647;
			files = (
				B38470646A9080F1F5B10393 /* Pods_MusicPal.framework in Frameworks */,
			);
			runOnlyForDeploymentPostprocessing = 0;
		};
/* End PBXFrameworksBuildPhase section */

/* Begin PBXGroup section */
		0FC803622F2CE26FA18E9D62 /* Frameworks */ = {
			isa = PBXGroup;
			children = (
				AAA5637AE71CBD0B59BC7FFA /* Pods_MusicPal.framework */,
			);
			name = Frameworks;
			sourceTree = "<group>";
		};
		397AF8ABA72204EA1603D6B0 /* Pods */ = {
			isa = PBXGroup;
			children = (
				4ED89E25B22A86D592D6E7B7 /* Pods-MusicPal.debug.xcconfig */,
				D021853E35E4891AFE30EBE0 /* Pods-MusicPal.release.xcconfig */,
			);
			path = Pods;
			sourceTree = "<group>";
		};
		A304A91D23A138230079F903 = {
			isa = PBXGroup;
			children = (
				A304A92823A138230079F903 /* MusicPal */,
				A304A92723A138230079F903 /* Products */,
				397AF8ABA72204EA1603D6B0 /* Pods */,
				0FC803622F2CE26FA18E9D62 /* Frameworks */,
			);
			sourceTree = "<group>";
		};
		A304A92723A138230079F903 /* Products */ = {
			isa = PBXGroup;
			children = (
				A304A92623A138230079F903 /* MusicPal.app */,
			);
			name = Products;
			sourceTree = "<group>";
		};
		A304A92823A138230079F903 /* MusicPal */ = {
			isa = PBXGroup;
			children = (
				A3597CBB23A3EDFF00BD4AEC /* Extensions */,
				A3597C9223A3E3A200BD4AEC /* Fonts */,
				A304A92923A138230079F903 /* AppDelegate.swift */,
				A304A92B23A138230079F903 /* SceneDelegate.swift */,
				A304A92D23A138230079F903 /* LoginViewController.swift */,
				A304A93D23A138CD0079F903 /* SignUpViewController.swift */,
				A304A92F23A138230079F903 /* Main.storyboard */,
				A3886C7523A2A6D800A720E6 /* HowItWorksViewController.swift */,
				A3886C7323A2A6BC00A720E6 /* ConcertsViewController.swift */,
				A3886C7123A2A69900A720E6 /* FindMusiciansViewController.swift */,
				A352C3FC23A53AE600ABF001 /* ProfileCustomTableViewCell.swift */,
				A3886C6F23A2A67900A720E6 /* ProfileSettingsViewController.swift */,
				A30E354F23A16F3300FFE7A4 /* ProfileViewController.swift */,
				A304A93223A138250079F903 /* Assets.xcassets */,
				A304A93423A138250079F903 /* LaunchScreen.storyboard */,
				A304A93F23A1396A0079F903 /* GoogleService-Info.plist */,
				A304A93723A138250079F903 /* Info.plist */,
			);
			path = MusicPal;
			sourceTree = "<group>";
		};
		A3597C9223A3E3A200BD4AEC /* Fonts */ = {
			isa = PBXGroup;
			children = (
				A3597C9523A3E3C700BD4AEC /* Montserrat-Black.ttf */,
				A3597CA223A3E3C800BD4AEC /* Montserrat-BlackItalic.ttf */,
				A3597C9623A3E3C700BD4AEC /* Montserrat-Bold.ttf */,
				A3597C9923A3E3C700BD4AEC /* Montserrat-BoldItalic.ttf */,
				A3597C9A23A3E3C700BD4AEC /* Montserrat-ExtraBold.ttf */,
				A3597C9423A3E3C700BD4AEC /* Montserrat-ExtraBoldItalic.ttf */,
				A3597C9323A3E3C700BD4AEC /* Montserrat-ExtraLight.ttf */,
				A3597C9C23A3E3C700BD4AEC /* Montserrat-ExtraLightItalic.ttf */,
				A3597CA323A3E3C800BD4AEC /* Montserrat-Italic.ttf */,
				A3597C9823A3E3C700BD4AEC /* Montserrat-Light.ttf */,
				A3597C9E23A3E3C700BD4AEC /* Montserrat-LightItalic.ttf */,
				A3597C9723A3E3C700BD4AEC /* Montserrat-Medium.ttf */,
				A3597CA523A3E3C800BD4AEC /* Montserrat-MediumItalic.ttf */,
				A3597CA423A3E3C800BD4AEC /* Montserrat-Regular.ttf */,
				A3597CA123A3E3C800BD4AEC /* Montserrat-SemiBold.ttf */,
				A3597C9F23A3E3C700BD4AEC /* Montserrat-SemiBoldItalic.ttf */,
				A3597C9B23A3E3C700BD4AEC /* Montserrat-Thin.ttf */,
				A3597CA023A3E3C700BD4AEC /* Montserrat-ThinItalic.ttf */,
				A3597C9D23A3E3C700BD4AEC /* OFL.txt */,
			);
			path = Fonts;
			sourceTree = "<group>";
		};
		A3597CBB23A3EDFF00BD4AEC /* Extensions */ = {
			isa = PBXGroup;
			children = (
				A3597CB923A3EDEB00BD4AEC /* UIViewExtension.swift */,
				A304A94123A157F20079F903 /* ViewControllerExtension.swift */,
			);
			name = Extensions;
			sourceTree = "<group>";
		};
/* End PBXGroup section */

/* Begin PBXNativeTarget section */
		A304A92523A138230079F903 /* MusicPal */ = {
			isa = PBXNativeTarget;
			buildConfigurationList = A304A93A23A138250079F903 /* Build configuration list for PBXNativeTarget "MusicPal" */;
			buildPhases = (
				D2F261EF2DA8693D8A83354B /* [CP] Check Pods Manifest.lock */,
				A304A92223A138230079F903 /* Sources */,
				A304A92323A138230079F903 /* Frameworks */,
				A304A92423A138230079F903 /* Resources */,
				8AE1D1FDE76D00C37745AE99 /* [CP] Embed Pods Frameworks */,
			);
			buildRules = (
			);
			dependencies = (
			);
			name = MusicPal;
			productName = MusicPal;
			productReference = A304A92623A138230079F903 /* MusicPal.app */;
			productType = "com.apple.product-type.application";
		};
/* End PBXNativeTarget section */

/* Begin PBXProject section */
		A304A91E23A138230079F903 /* Project object */ = {
			isa = PBXProject;
			attributes = {
				LastSwiftUpdateCheck = 1120;
				LastUpgradeCheck = 1120;
				ORGANIZATIONNAME = "Berke Yağız Sevim";
				TargetAttributes = {
					A304A92523A138230079F903 = {
						CreatedOnToolsVersion = 11.2.1;
					};
				};
			};
			buildConfigurationList = A304A92123A138230079F903 /* Build configuration list for PBXProject "MusicPal" */;
			compatibilityVersion = "Xcode 9.3";
			developmentRegion = en;
			hasScannedForEncodings = 0;
			knownRegions = (
				en,
				Base,
			);
			mainGroup = A304A91D23A138230079F903;
			productRefGroup = A304A92723A138230079F903 /* Products */;
			projectDirPath = "";
			projectRoot = "";
			targets = (
				A304A92523A138230079F903 /* MusicPal */,
			);
		};
/* End PBXProject section */

/* Begin PBXResourcesBuildPhase section */
		A304A92423A138230079F903 /* Resources */ = {
			isa = PBXResourcesBuildPhase;
			buildActionMask = 2147483647;
			files = (
				A3597CB123A3E3C800BD4AEC /* Montserrat-LightItalic.ttf in Resources */,
				A3597CB023A3E3C800BD4AEC /* OFL.txt in Resources */,
				A3597CAB23A3E3C800BD4AEC /* Montserrat-Light.ttf in Resources */,
				A3597CAE23A3E3C800BD4AEC /* Montserrat-Thin.ttf in Resources */,
				A3597CAD23A3E3C800BD4AEC /* Montserrat-ExtraBold.ttf in Resources */,
				A304A93623A138250079F903 /* LaunchScreen.storyboard in Resources */,
				A3597CB623A3E3C800BD4AEC /* Montserrat-Italic.ttf in Resources */,
				A3597CA823A3E3C800BD4AEC /* Montserrat-Black.ttf in Resources */,
				A304A94023A1396A0079F903 /* GoogleService-Info.plist in Resources */,
				A3597CAC23A3E3C800BD4AEC /* Montserrat-BoldItalic.ttf in Resources */,
				A304A93323A138250079F903 /* Assets.xcassets in Resources */,
				A3597CB423A3E3C800BD4AEC /* Montserrat-SemiBold.ttf in Resources */,
				A3597CB723A3E3C800BD4AEC /* Montserrat-Regular.ttf in Resources */,
				A3597CB823A3E3C800BD4AEC /* Montserrat-MediumItalic.ttf in Resources */,
				A3597CA923A3E3C800BD4AEC /* Montserrat-Bold.ttf in Resources */,
				A3597CA723A3E3C800BD4AEC /* Montserrat-ExtraBoldItalic.ttf in Resources */,
				A3597CB523A3E3C800BD4AEC /* Montserrat-BlackItalic.ttf in Resources */,
				A304A93123A138230079F903 /* Main.storyboard in Resources */,
				A3597CAA23A3E3C800BD4AEC /* Montserrat-Medium.ttf in Resources */,
				A3597CB323A3E3C800BD4AEC /* Montserrat-ThinItalic.ttf in Resources */,
				A3597CA623A3E3C800BD4AEC /* Montserrat-ExtraLight.ttf in Resources */,
				A3597CAF23A3E3C800BD4AEC /* Montserrat-ExtraLightItalic.ttf in Resources */,
				A3597CB223A3E3C800BD4AEC /* Montserrat-SemiBoldItalic.ttf in Resources */,
			);
			runOnlyForDeploymentPostprocessing = 0;
		};
/* End PBXResourcesBuildPhase section */

/* Begin PBXShellScriptBuildPhase section */
		8AE1D1FDE76D00C37745AE99 /* [CP] Embed Pods Frameworks */ = {
			isa = PBXShellScriptBuildPhase;
			buildActionMask = 2147483647;
			files = (
			);
			inputFileListPaths = (
				"${PODS_ROOT}/Target Support Files/Pods-MusicPal/Pods-MusicPal-frameworks-${CONFIGURATION}-input-files.xcfilelist",
			);
			name = "[CP] Embed Pods Frameworks";
			outputFileListPaths = (
				"${PODS_ROOT}/Target Support Files/Pods-MusicPal/Pods-MusicPal-frameworks-${CONFIGURATION}-output-files.xcfilelist",
			);
			runOnlyForDeploymentPostprocessing = 0;
			shellPath = /bin/sh;
			shellScript = "\"${PODS_ROOT}/Target Support Files/Pods-MusicPal/Pods-MusicPal-frameworks.sh\"\n";
			showEnvVarsInLog = 0;
		};
		D2F261EF2DA8693D8A83354B /* [CP] Check Pods Manifest.lock */ = {
			isa = PBXShellScriptBuildPhase;
			buildActionMask = 2147483647;
			files = (
			);
			inputFileListPaths = (
			);
			inputPaths = (
				"${PODS_PODFILE_DIR_PATH}/Podfile.lock",
				"${PODS_ROOT}/Manifest.lock",
			);
			name = "[CP] Check Pods Manifest.lock";
			outputFileListPaths = (
			);
			outputPaths = (
				"$(DERIVED_FILE_DIR)/Pods-MusicPal-checkManifestLockResult.txt",
			);
			runOnlyForDeploymentPostprocessing = 0;
			shellPath = /bin/sh;
			shellScript = "diff \"${PODS_PODFILE_DIR_PATH}/Podfile.lock\" \"${PODS_ROOT}/Manifest.lock\" > /dev/null\nif [ $? != 0 ] ; then\n    # print error to STDERR\n    echo \"error: The sandbox is not in sync with the Podfile.lock. Run 'pod install' or update your CocoaPods installation.\" >&2\n    exit 1\nfi\n# This output is used by Xcode 'outputs' to avoid re-running this script phase.\necho \"SUCCESS\" > \"${SCRIPT_OUTPUT_FILE_0}\"\n";
			showEnvVarsInLog = 0;
		};
/* End PBXShellScriptBuildPhase section */

/* Begin PBXSourcesBuildPhase section */
		A304A92223A138230079F903 /* Sources */ = {
			isa = PBXSourcesBuildPhase;
			buildActionMask = 2147483647;
			files = (
				A3886C7223A2A69900A720E6 /* FindMusiciansViewController.swift in Sources */,
				A30E355023A16F3300FFE7A4 /* ProfileViewController.swift in Sources */,
				A3597CBA23A3EDEB00BD4AEC /* UIViewExtension.swift in Sources */,
				A3886C7423A2A6BC00A720E6 /* ConcertsViewController.swift in Sources */,
				A352C3FD23A53AE600ABF001 /* ProfileCustomTableViewCell.swift in Sources */,
				A304A92E23A138230079F903 /* LoginViewController.swift in Sources */,
				A304A92A23A138230079F903 /* AppDelegate.swift in Sources */,
				A3886C7023A2A67900A720E6 /* ProfileSettingsViewController.swift in Sources */,
				A304A93E23A138CD0079F903 /* SignUpViewController.swift in Sources */,
				A304A94223A157F20079F903 /* ViewControllerExtension.swift in Sources */,
				A304A92C23A138230079F903 /* SceneDelegate.swift in Sources */,
				A3886C7623A2A6D800A720E6 /* HowItWorksViewController.swift in Sources */,
			);
			runOnlyForDeploymentPostprocessing = 0;
		};
/* End PBXSourcesBuildPhase section */

/* Begin PBXVariantGroup section */
		A304A92F23A138230079F903 /* Main.storyboard */ = {
			isa = PBXVariantGroup;
			children = (
				A304A93023A138230079F903 /* Base */,
			);
			name = Main.storyboard;
			sourceTree = "<group>";
		};
		A304A93423A138250079F903 /* LaunchScreen.storyboard */ = {
			isa = PBXVariantGroup;
			children = (
				A304A93523A138250079F903 /* Base */,
			);
			name = LaunchScreen.storyboard;
			sourceTree = "<group>";
		};
/* End PBXVariantGroup section */

/* Begin XCBuildConfiguration section */
		A304A93823A138250079F903 /* Debug */ = {
			isa = XCBuildConfiguration;
			buildSettings = {
				ALWAYS_SEARCH_USER_PATHS = NO;
				CLANG_ANALYZER_NONNULL = YES;
				CLANG_ANALYZER_NUMBER_OBJECT_CONVERSION = YES_AGGRESSIVE;
				CLANG_CXX_LANGUAGE_STANDARD = "gnu++14";
				CLANG_CXX_LIBRARY = "libc++";
				CLANG_ENABLE_MODULES = YES;
				CLANG_ENABLE_OBJC_ARC = YES;
				CLANG_ENABLE_OBJC_WEAK = YES;
				CLANG_WARN_BLOCK_CAPTURE_AUTORELEASING = YES;
				CLANG_WARN_BOOL_CONVERSION = YES;
				CLANG_WARN_COMMA = YES;
				CLANG_WARN_CONSTANT_CONVERSION = YES;
				CLANG_WARN_DEPRECATED_OBJC_IMPLEMENTATIONS = YES;
				CLANG_WARN_DIRECT_OBJC_ISA_USAGE = YES_ERROR;
				CLANG_WARN_DOCUMENTATION_COMMENTS = YES;
				CLANG_WARN_EMPTY_BODY = YES;
				CLANG_WARN_ENUM_CONVERSION = YES;
				CLANG_WARN_INFINITE_RECURSION = YES;
				CLANG_WARN_INT_CONVERSION = YES;
				CLANG_WARN_NON_LITERAL_NULL_CONVERSION = YES;
				CLANG_WARN_OBJC_IMPLICIT_RETAIN_SELF = YES;
				CLANG_WARN_OBJC_LITERAL_CONVERSION = YES;
				CLANG_WARN_OBJC_ROOT_CLASS = YES_ERROR;
				CLANG_WARN_RANGE_LOOP_ANALYSIS = YES;
				CLANG_WARN_STRICT_PROTOTYPES = YES;
				CLANG_WARN_SUSPICIOUS_MOVE = YES;
				CLANG_WARN_UNGUARDED_AVAILABILITY = YES_AGGRESSIVE;
				CLANG_WARN_UNREACHABLE_CODE = YES;
				CLANG_WARN__DUPLICATE_METHOD_MATCH = YES;
				COPY_PHASE_STRIP = NO;
				DEBUG_INFORMATION_FORMAT = dwarf;
				ENABLE_STRICT_OBJC_MSGSEND = YES;
				ENABLE_TESTABILITY = YES;
				GCC_C_LANGUAGE_STANDARD = gnu11;
				GCC_DYNAMIC_NO_PIC = NO;
				GCC_NO_COMMON_BLOCKS = YES;
				GCC_OPTIMIZATION_LEVEL = 0;
				GCC_PREPROCESSOR_DEFINITIONS = (
					"DEBUG=1",
					"$(inherited)",
				);
				GCC_WARN_64_TO_32_BIT_CONVERSION = YES;
				GCC_WARN_ABOUT_RETURN_TYPE = YES_ERROR;
				GCC_WARN_UNDECLARED_SELECTOR = YES;
				GCC_WARN_UNINITIALIZED_AUTOS = YES_AGGRESSIVE;
				GCC_WARN_UNUSED_FUNCTION = YES;
				GCC_WARN_UNUSED_VARIABLE = YES;
				IPHONEOS_DEPLOYMENT_TARGET = 13.2;
				MTL_ENABLE_DEBUG_INFO = INCLUDE_SOURCE;
				MTL_FAST_MATH = YES;
				ONLY_ACTIVE_ARCH = YES;
				SDKROOT = iphoneos;
				SWIFT_ACTIVE_COMPILATION_CONDITIONS = DEBUG;
				SWIFT_OPTIMIZATION_LEVEL = "-Onone";
			};
			name = Debug;
		};
		A304A93923A138250079F903 /* Release */ = {
			isa = XCBuildConfiguration;
			buildSettings = {
				ALWAYS_SEARCH_USER_PATHS = NO;
				CLANG_ANALYZER_NONNULL = YES;
				CLANG_ANALYZER_NUMBER_OBJECT_CONVERSION = YES_AGGRESSIVE;
				CLANG_CXX_LANGUAGE_STANDARD = "gnu++14";
				CLANG_CXX_LIBRARY = "libc++";
				CLANG_ENABLE_MODULES = YES;
				CLANG_ENABLE_OBJC_ARC = YES;
				CLANG_ENABLE_OBJC_WEAK = YES;
				CLANG_WARN_BLOCK_CAPTURE_AUTORELEASING = YES;
				CLANG_WARN_BOOL_CONVERSION = YES;
				CLANG_WARN_COMMA = YES;
				CLANG_WARN_CONSTANT_CONVERSION = YES;
				CLANG_WARN_DEPRECATED_OBJC_IMPLEMENTATIONS = YES;
				CLANG_WARN_DIRECT_OBJC_ISA_USAGE = YES_ERROR;
				CLANG_WARN_DOCUMENTATION_COMMENTS = YES;
				CLANG_WARN_EMPTY_BODY = YES;
				CLANG_WARN_ENUM_CONVERSION = YES;
				CLANG_WARN_INFINITE_RECURSION = YES;
				CLANG_WARN_INT_CONVERSION = YES;
				CLANG_WARN_NON_LITERAL_NULL_CONVERSION = YES;
				CLANG_WARN_OBJC_IMPLICIT_RETAIN_SELF = YES;
				CLANG_WARN_OBJC_LITERAL_CONVERSION = YES;
				CLANG_WARN_OBJC_ROOT_CLASS = YES_ERROR;
				CLANG_WARN_RANGE_LOOP_ANALYSIS = YES;
				CLANG_WARN_STRICT_PROTOTYPES = YES;
				CLANG_WARN_SUSPICIOUS_MOVE = YES;
				CLANG_WARN_UNGUARDED_AVAILABILITY = YES_AGGRESSIVE;
				CLANG_WARN_UNREACHABLE_CODE = YES;
				CLANG_WARN__DUPLICATE_METHOD_MATCH = YES;
				COPY_PHASE_STRIP = NO;
				DEBUG_INFORMATION_FORMAT = "dwarf-with-dsym";
				ENABLE_NS_ASSERTIONS = NO;
				ENABLE_STRICT_OBJC_MSGSEND = YES;
				GCC_C_LANGUAGE_STANDARD = gnu11;
				GCC_NO_COMMON_BLOCKS = YES;
				GCC_WARN_64_TO_32_BIT_CONVERSION = YES;
				GCC_WARN_ABOUT_RETURN_TYPE = YES_ERROR;
				GCC_WARN_UNDECLARED_SELECTOR = YES;
				GCC_WARN_UNINITIALIZED_AUTOS = YES_AGGRESSIVE;
				GCC_WARN_UNUSED_FUNCTION = YES;
				GCC_WARN_UNUSED_VARIABLE = YES;
				IPHONEOS_DEPLOYMENT_TARGET = 13.2;
				MTL_ENABLE_DEBUG_INFO = NO;
				MTL_FAST_MATH = YES;
				SDKROOT = iphoneos;
				SWIFT_COMPILATION_MODE = wholemodule;
				SWIFT_OPTIMIZATION_LEVEL = "-O";
				VALIDATE_PRODUCT = YES;
			};
			name = Release;
		};
		A304A93B23A138250079F903 /* Debug */ = {
			isa = XCBuildConfiguration;
			baseConfigurationReference = 4ED89E25B22A86D592D6E7B7 /* Pods-MusicPal.debug.xcconfig */;
			buildSettings = {
				ASSETCATALOG_COMPILER_APPICON_NAME = AppIcon;
				CODE_SIGN_STYLE = Automatic;
				DEVELOPMENT_TEAM = GTDZZ9VX4L;
				INFOPLIST_FILE = MusicPal/Info.plist;
				LD_RUNPATH_SEARCH_PATHS = (
					"$(inherited)",
					"@executable_path/Frameworks",
				);
				PRODUCT_BUNDLE_IDENTIFIER = berkeyagizsevim.MusicPal;
				PRODUCT_NAME = "$(TARGET_NAME)";
				SWIFT_VERSION = 5.0;
				TARGETED_DEVICE_FAMILY = "1,2";
			};
			name = Debug;
		};
		A304A93C23A138250079F903 /* Release */ = {
			isa = XCBuildConfiguration;
			baseConfigurationReference = D021853E35E4891AFE30EBE0 /* Pods-MusicPal.release.xcconfig */;
			buildSettings = {
				ASSETCATALOG_COMPILER_APPICON_NAME = AppIcon;
				CODE_SIGN_STYLE = Automatic;
				DEVELOPMENT_TEAM = GTDZZ9VX4L;
				INFOPLIST_FILE = MusicPal/Info.plist;
				LD_RUNPATH_SEARCH_PATHS = (
					"$(inherited)",
					"@executable_path/Frameworks",
				);
				PRODUCT_BUNDLE_IDENTIFIER = berkeyagizsevim.MusicPal;
				PRODUCT_NAME = "$(TARGET_NAME)";
				SWIFT_VERSION = 5.0;
				TARGETED_DEVICE_FAMILY = "1,2";
			};
			name = Release;
		};
/* End XCBuildConfiguration section */

/* Begin XCConfigurationList section */
		A304A92123A138230079F903 /* Build configuration list for PBXProject "MusicPal" */ = {
			isa = XCConfigurationList;
			buildConfigurations = (
				A304A93823A138250079F903 /* Debug */,
				A304A93923A138250079F903 /* Release */,
			);
			defaultConfigurationIsVisible = 0;
			defaultConfigurationName = Release;
		};
		A304A93A23A138250079F903 /* Build configuration list for PBXNativeTarget "MusicPal" */ = {
			isa = XCConfigurationList;
			buildConfigurations = (
				A304A93B23A138250079F903 /* Debug */,
				A304A93C23A138250079F903 /* Release */,
			);
			defaultConfigurationIsVisible = 0;
			defaultConfigurationName = Release;
		};
/* End XCConfigurationList section */
	};
	rootObject = A304A91E23A138230079F903 /* Project object */;
}
